{
  "requires": true,
  "lockfileVersion": 1,
  "dependencies": {
    "bootstrap": {
      "version": "4.5.3",
      "resolved": "https://registry.npmjs.org/bootstrap/-/bootstrap-4.5.3.tgz",
      "integrity": "sha512-o9ppKQioXGqhw8Z7mah6KdTYpNQY//tipnkxppWhPbiSWdD+1raYsnhwEZjkTHYbGee4cVQ0Rx65EhOY/HNLcQ=="
    },
    "validator": {
      "version": "13.5.1",
      "resolved": "https://registry.npmjs.org/validator/-/validator-13.5.1.tgz",
      "integrity": "sha512-s+7LW1Xi0OzPNfGN7Hb2vk0YB/epp9KFHHGC5JtqZOE1dUkN4ULPFZAQ1inCu7ceAsWmOJu6sn9cnwm3R+ghWQ=="
    }
  }
}
